# THIS IS AN AUTOGENERATED FILE. DO NOT EDIT THIS FILE DIRECTLY.
# yarn lockfile v1


deepmerge@^4.2.2:
  version "4.3.1"
  resolved "https://registry.yarnpkg.com/deepmerge/-/deepmerge-4.3.1.tgz#44b5f2147cd3b00d4b56137685966f26fd25dd4a"
  integrity sha512-3sUqbMEc77XqpdNO7FRyRog+eW3ph+GYCbj+rK+uYyRMuwsVy0rMiVtPn+QJlKFvWP/1PYpapqYn0Me2knFn+A==

lodash@^4.17.21:
  version "4.17.21"
  resolved "https://registry.yarnpkg.com/lodash/-/lodash-4.17.21.tgz#679591c564c3bffaae8454cf0b3df370c3d6911c"
  integrity sha512-v2kDEe57lecTulaDIuNTPy3Ry4gLGJ6Z1O3vE1krgXZNrsQ+LFTGHVxVjcXPs17LhbZVGedAJv8XZ1tvj5FvSg==

shvl@^2.0.3:
  version "2.0.3"
  resolved "https://registry.yarnpkg.com/shvl/-/shvl-2.0.3.tgz#eb4bd37644f5684bba1fc52c3010c96fb5e6afd1"
  integrity sha512-V7C6S9Hlol6SzOJPnQ7qzOVEWUQImt3BNmmzh40wObhla3XOYMe4gGiYzLrJd5TFa+cI2f9LKIRJTTKZSTbWgw==

vuetify@^3.7.11:
  version "3.7.11"
  resolved "https://registry.yarnpkg.com/vuetify/-/vuetify-3.7.11.tgz#d907f7e86c0f62b5e5f1c0285a11842ab9b0dbf2"
  integrity sha512-50Z2SNwPXbkGmve4CwxOs4sySZGgLwQYIDsKx+coSrfIBqz8IyXgxRFQdrvgoehIwUjGTNqaPZymuK5rMFkfHA==

vuex-persistedstate@^4.1.0:
  version "4.1.0"
  resolved "https://registry.yarnpkg.com/vuex-persistedstate/-/vuex-persistedstate-4.1.0.tgz#127165f85f5b4534fb3170a5d3a8be9811bd2a53"
  integrity sha512-3SkEj4NqwM69ikJdFVw6gObeB0NHyspRYMYkR/EbhR0hbvAKyR5gksVhtAfY1UYuWUOCCA0QNGwv9pOwdj+XUQ==
  dependencies:
    deepmerge "^4.2.2"
    shvl "^2.0.3"

vuex-router-sync@^5.0.0:
  version "5.0.0"
  resolved "https://registry.yarnpkg.com/vuex-router-sync/-/vuex-router-sync-5.0.0.tgz#1a225c17a1dd9e2f74af0a1b2c62072e9492b305"
  integrity sha512-Mry2sO4kiAG64714X1CFpTA/shUH1DmkZ26DFDtwoM/yyx6OtMrc+MxrU+7vvbNLO9LSpgwkiJ8W+rlmRtsM+w==
